
Microsoft Visual Studio Solution File, Format Version 12.00
# Visual Studio 15
VisualStudioVersion = 15.0.28307.539
MinimumVisualStudioVersion = 10.0.40219.1
Project("{FAE04EC0-301F-11D3-BF4B-00C04F79EFBC}") = "PiętkaApp.Android", "PiętkaApp\PiętkaApp.Android\PiętkaApp.Android.csproj", "{F1BCC3B6-7323-4F07-B8EC-210E20562FEB}"
EndProject
Project("{FAE04EC0-301F-11D3-BF4B-00C04F79EFBC}") = "PiętkaApp.iOS", "PiętkaApp\PiętkaApp.iOS\PiętkaApp.iOS.csproj", "{E6A6E304-83FC-4875-A615-9C8473A69AEA}"
EndProject
Project("{FAE04EC0-301F-11D3-BF4B-00C04F79EFBC}") = "PiętkaApp.UWP", "PiętkaApp\PiętkaApp.UWP\PiętkaApp.UWP.csproj", "{7D7B3EB1-F1DA-4173-A2A2-19FF36C11CC1}"
EndProject
Project("{9A19103F-16F7-4668-BE54-9A1E7A4F7556}") = "PiętkaApp", "PiętkaApp\PiętkaApp\PiętkaApp.csproj", "{CD1D7449-9068-4ED1-8600-39D67FA40047}"
EndProject
Global
	GlobalSection(SolutionConfigurationPlatforms) = preSolution
		Ad-Hoc|Any CPU = Ad-Hoc|Any CPU
		Ad-Hoc|ARM = Ad-Hoc|ARM
		Ad-Hoc|iPhone = Ad-Hoc|iPhone
		Ad-Hoc|iPhoneSimulator = Ad-Hoc|iPhoneSimulator
		Ad-Hoc|x64 = Ad-Hoc|x64
		Ad-Hoc|x86 = Ad-Hoc|x86
		AppStore|Any CPU = AppStore|Any CPU
		AppStore|ARM = AppStore|ARM
		AppStore|iPhone = AppStore|iPhone
		AppStore|iPhoneSimulator = AppStore|iPhoneSimulator
		AppStore|x64 = AppStore|x64
		AppStore|x86 = AppStore|x86
		Debug|Any CPU = Debug|Any CPU
		Debug|ARM = Debug|ARM
		Debug|iPhone = Debug|iPhone
		Debug|iPhoneSimulator = Debug|iPhoneSimulator
		Debug|x64 = Debug|x64
		Debug|x86 = Debug|x86
		Release|Any CPU = Release|Any CPU
		Release|ARM = Release|ARM
		Release|iPhone = Release|iPhone
		Release|iPhoneSimulator = Release|iPhoneSimulator
		Release|x64 = Release|x64
		Release|x86 = Release|x86
	EndGlobalSection
	GlobalSection(ProjectConfigurationPlatforms) = postSolution
		{F1BCC3B6-7323-4F07-B8EC-210E20562FEB}.Ad-Hoc|Any CPU.ActiveCfg = Release|Any CPU
		{F1BCC3B6-7323-4F07-B8EC-210E20562FEB}.Ad-Hoc|Any CPU.Build.0 = Release|Any CPU
		{F1BCC3B6-7323-4F07-B8EC-210E20562FEB}.Ad-Hoc|Any CPU.Deploy.0 = Release|Any CPU
		{F1BCC3B6-7323-4F07-B8EC-210E20562FEB}.Ad-Hoc|ARM.ActiveCfg = Release|Any CPU
		{F1BCC3B6-7323-4F07-B8EC-210E20562FEB}.Ad-Hoc|ARM.Build.0 = Release|Any CPU
		{F1BCC3B6-7323-4F07-B8EC-210E20562FEB}.Ad-Hoc|ARM.Deploy.0 = Release|Any CPU
		{F1BCC3B6-7323-4F07-B8EC-210E20562FEB}.Ad-Hoc|iPhone.ActiveCfg = Release|Any CPU
		{F1BCC3B6-7323-4F07-B8EC-210E20562FEB}.Ad-Hoc|iPhone.Build.0 = Release|Any CPU
		{F1BCC3B6-7323-4F07-B8EC-210E20562FEB}.Ad-Hoc|iPhone.Deploy.0 = Release|Any CPU
		{F1BCC3B6-7323-4F07-B8EC-210E20562FEB}.Ad-Hoc|iPhoneSimulator.ActiveCfg = Release|Any CPU
		{F1BCC3B6-7323-4F07-B8EC-210E20562FEB}.Ad-Hoc|iPhoneSimulator.Build.0 = Release|Any CPU
		{F1BCC3B6-7323-4F07-B8EC-210E20562FEB}.Ad-Hoc|iPhoneSimulator.Deploy.0 = Release|Any CPU
		{F1BCC3B6-7323-4F07-B8EC-210E20562FEB}.Ad-Hoc|x64.ActiveCfg = Release|Any CPU
		{F1BCC3B6-7323-4F07-B8EC-210E20562FEB}.Ad-Hoc|x64.Build.0 = Release|Any CPU
		{F1BCC3B6-7323-4F07-B8EC-210E20562FEB}.Ad-Hoc|x64.Deploy.0 = Release|Any CPU
		{F1BCC3B6-7323-4F07-B8EC-210E20562FEB}.Ad-Hoc|x86.ActiveCfg = Release|Any CPU
		{F1BCC3B6-7323-4F07-B8EC-210E20562FEB}.Ad-Hoc|x86.Build.0 = Release|Any CPU
		{F1BCC3B6-7323-4F07-B8EC-210E20562FEB}.Ad-Hoc|x86.Deploy.0 = Release|Any CPU
		{F1BCC3B6-7323-4F07-B8EC-210E20562FEB}.AppStore|Any CPU.ActiveCfg = Release|Any CPU
		{F1BCC3B6-7323-4F07-B8EC-210E20562FEB}.AppStore|Any CPU.Build.0 = Release|Any CPU
		{F1BCC3B6-7323-4F07-B8EC-210E20562FEB}.AppStore|Any CPU.Deploy.0 = Release|Any CPU
		{F1BCC3B6-7323-4F07-B8EC-210E20562FEB}.AppStore|ARM.ActiveCfg = Release|Any CPU
		{F1BCC3B6-7323-4F07-B8EC-210E20562FEB}.AppStore|ARM.Build.0 = Release|Any CPU
		{F1BCC3B6-7323-4F07-B8EC-210E20562FEB}.AppStore|ARM.Deploy.0 = Release|Any CPU
		{F1BCC3B6-7323-4F07-B8EC-210E20562FEB}.AppStore|iPhone.ActiveCfg = Release|Any CPU
		{F1BCC3B6-7323-4F07-B8EC-210E20562FEB}.AppStore|iPhone.Build.0 = Release|Any CPU
		{F1BCC3B6-7323-4F07-B8EC-210E20562FEB}.AppStore|iPhone.Deploy.0 = Release|Any CPU
		{F1BCC3B6-7323-4F07-B8EC-210E20562FEB}.AppStore|iPhoneSimulator.ActiveCfg = Release|Any CPU
		{F1BCC3B6-7323-4F07-B8EC-210E20562FEB}.AppStore|iPhoneSimulator.Build.0 = Release|Any CPU
		{F1BCC3B6-7323-4F07-B8EC-210E20562FEB}.AppStore|iPhoneSimulator.Deploy.0 = Release|Any CPU
		{F1BCC3B6-7323-4F07-B8EC-210E20562FEB}.AppStore|x64.ActiveCfg = Release|Any CPU
		{F1BCC3B6-7323-4F07-B8EC-210E20562FEB}.AppStore|x64.Build.0 = Release|Any CPU
		{F1BCC3B6-7323-4F07-B8EC-210E20562FEB}.AppStore|x64.Deploy.0 = Release|Any CPU
		{F1BCC3B6-7323-4F07-B8EC-210E20562FEB}.AppStore|x86.ActiveCfg = Release|Any CPU
		{F1BCC3B6-7323-4F07-B8EC-210E20562FEB}.AppStore|x86.Build.0 = Release|Any CPU
		{F1BCC3B6-7323-4F07-B8EC-210E20562FEB}.AppStore|x86.Deploy.0 = Release|Any CPU
		{F1BCC3B6-7323-4F07-B8EC-210E20562FEB}.Debug|Any CPU.ActiveCfg = Debug|Any CPU
		{F1BCC3B6-7323-4F07-B8EC-210E20562FEB}.Debug|Any CPU.Build.0 = Debug|Any CPU
		{F1BCC3B6-7323-4F07-B8EC-210E20562FEB}.Debug|Any CPU.Deploy.0 = Debug|Any CPU
		{F1BCC3B6-7323-4F07-B8EC-210E20562FEB}.Debug|ARM.ActiveCfg = Debug|Any CPU
		{F1BCC3B6-7323-4F07-B8EC-210E20562FEB}.Debug|ARM.Build.0 = Debug|Any CPU
		{F1BCC3B6-7323-4F07-B8EC-210E20562FEB}.Debug|ARM.Deploy.0 = Debug|Any CPU
		{F1BCC3B6-7323-4F07-B8EC-210E20562FEB}.Debug|iPhone.ActiveCfg = Debug|Any CPU
		{F1BCC3B6-7323-4F07-B8EC-210E20562FEB}.Debug|iPhone.Build.0 = Debug|Any CPU
		{F1BCC3B6-7323-4F07-B8EC-210E20562FEB}.Debug|iPhone.Deploy.0 = Debug|Any CPU
		{F1BCC3B6-7323-4F07-B8EC-210E20562FEB}.Debug|iPhoneSimulator.ActiveCfg = Debug|Any CPU
		{F1BCC3B6-7323-4F07-B8EC-210E20562FEB}.Debug|iPhoneSimulator.Build.0 = Debug|Any CPU
		{F1BCC3B6-7323-4F07-B8EC-210E20562FEB}.Debug|iPhoneSimulator.Deploy.0 = Debug|Any CPU
		{F1BCC3B6-7323-4F07-B8EC-210E20562FEB}.Debug|x64.ActiveCfg = Debug|Any CPU
		{F1BCC3B6-7323-4F07-B8EC-210E20562FEB}.Debug|x64.Build.0 = Debug|Any CPU
		{F1BCC3B6-7323-4F07-B8EC-210E20562FEB}.Debug|x64.Deploy.0 = Debug|Any CPU
		{F1BCC3B6-7323-4F07-B8EC-210E20562FEB}.Debug|x86.ActiveCfg = Debug|Any CPU
		{F1BCC3B6-7323-4F07-B8EC-210E20562FEB}.Debug|x86.Build.0 = Debug|Any CPU
		{F1BCC3B6-7323-4F07-B8EC-210E20562FEB}.Debug|x86.Deploy.0 = Debug|Any CPU
		{F1BCC3B6-7323-4F07-B8EC-210E20562FEB}.Release|Any CPU.ActiveCfg = Release|Any CPU
		{F1BCC3B6-7323-4F07-B8EC-210E20562FEB}.Release|Any CPU.Build.0 = Release|Any CPU
		{F1BCC3B6-7323-4F07-B8EC-210E20562FEB}.Release|Any CPU.Deploy.0 = Release|Any CPU
		{F1BCC3B6-7323-4F07-B8EC-210E20562FEB}.Release|ARM.ActiveCfg = Release|Any CPU
		{F1BCC3B6-7323-4F07-B8EC-210E20562FEB}.Release|ARM.Build.0 = Release|Any CPU
		{F1BCC3B6-7323-4F07-B8EC-210E20562FEB}.Release|ARM.Deploy.0 = Release|Any CPU
		{F1BCC3B6-7323-4F07-B8EC-210E20562FEB}.Release|iPhone.ActiveCfg = Release|Any CPU
		{F1BCC3B6-7323-4F07-B8EC-210E20562FEB}.Release|iPhone.Build.0 = Release|Any CPU
		{F1BCC3B6-7323-4F07-B8EC-210E20562FEB}.Release|iPhone.Deploy.0 = Release|Any CPU
		{F1BCC3B6-7323-4F07-B8EC-210E20562FEB}.Release|iPhoneSimulator.ActiveCfg = Release|Any CPU
		{F1BCC3B6-7323-4F07-B8EC-210E20562FEB}.Release|iPhoneSimulator.Build.0 = Release|Any CPU
		{F1BCC3B6-7323-4F07-B8EC-210E20562FEB}.Release|iPhoneSimulator.Deploy.0 = Release|Any CPU
		{F1BCC3B6-7323-4F07-B8EC-210E20562FEB}.Release|x64.ActiveCfg = Release|Any CPU
		{F1BCC3B6-7323-4F07-B8EC-210E20562FEB}.Release|x64.Build.0 = Release|Any CPU
		{F1BCC3B6-7323-4F07-B8EC-210E20562FEB}.Release|x64.Deploy.0 = Release|Any CPU
		{F1BCC3B6-7323-4F07-B8EC-210E20562FEB}.Release|x86.ActiveCfg = Release|Any CPU
		{F1BCC3B6-7323-4F07-B8EC-210E20562FEB}.Release|x86.Build.0 = Release|Any CPU
		{F1BCC3B6-7323-4F07-B8EC-210E20562FEB}.Release|x86.Deploy.0 = Release|Any CPU
		{E6A6E304-83FC-4875-A615-9C8473A69AEA}.Ad-Hoc|Any CPU.ActiveCfg = Ad-Hoc|iPhone
		{E6A6E304-83FC-4875-A615-9C8473A69AEA}.Ad-Hoc|Any CPU.Build.0 = Ad-Hoc|iPhone
		{E6A6E304-83FC-4875-A615-9C8473A69AEA}.Ad-Hoc|Any CPU.Deploy.0 = Ad-Hoc|iPhone
		{E6A6E304-83FC-4875-A615-9C8473A69AEA}.Ad-Hoc|ARM.ActiveCfg = Ad-Hoc|iPhone
		{E6A6E304-83FC-4875-A615-9C8473A69AEA}.Ad-Hoc|ARM.Build.0 = Ad-Hoc|iPhone
		{E6A6E304-83FC-4875-A615-9C8473A69AEA}.Ad-Hoc|ARM.Deploy.0 = Ad-Hoc|iPhone
		{E6A6E304-83FC-4875-A615-9C8473A69AEA}.Ad-Hoc|iPhone.ActiveCfg = Ad-Hoc|iPhone
		{E6A6E304-83FC-4875-A615-9C8473A69AEA}.Ad-Hoc|iPhone.Build.0 = Ad-Hoc|iPhone
		{E6A6E304-83FC-4875-A615-9C8473A69AEA}.Ad-Hoc|iPhone.Deploy.0 = Ad-Hoc|iPhone
		{E6A6E304-83FC-4875-A615-9C8473A69AEA}.Ad-Hoc|iPhoneSimulator.ActiveCfg = Ad-Hoc|iPhoneSimulator
		{E6A6E304-83FC-4875-A615-9C8473A69AEA}.Ad-Hoc|iPhoneSimulator.Build.0 = Ad-Hoc|iPhoneSimulator
		{E6A6E304-83FC-4875-A615-9C8473A69AEA}.Ad-Hoc|iPhoneSimulator.Deploy.0 = Ad-Hoc|iPhoneSimulator
		{E6A6E304-83FC-4875-A615-9C8473A69AEA}.Ad-Hoc|x64.ActiveCfg = Ad-Hoc|iPhone
		{E6A6E304-83FC-4875-A615-9C8473A69AEA}.Ad-Hoc|x64.Build.0 = Ad-Hoc|iPhone
		{E6A6E304-83FC-4875-A615-9C8473A69AEA}.Ad-Hoc|x64.Deploy.0 = Ad-Hoc|iPhone
		{E6A6E304-83FC-4875-A615-9C8473A69AEA}.Ad-Hoc|x86.ActiveCfg = Ad-Hoc|iPhone
		{E6A6E304-83FC-4875-A615-9C8473A69AEA}.Ad-Hoc|x86.Build.0 = Ad-Hoc|iPhone
		{E6A6E304-83FC-4875-A615-9C8473A69AEA}.Ad-Hoc|x86.Deploy.0 = Ad-Hoc|iPhone
		{E6A6E304-83FC-4875-A615-9C8473A69AEA}.AppStore|Any CPU.ActiveCfg = AppStore|iPhone
		{E6A6E304-83FC-4875-A615-9C8473A69AEA}.AppStore|Any CPU.Build.0 = AppStore|iPhone
		{E6A6E304-83FC-4875-A615-9C8473A69AEA}.AppStore|Any CPU.Deploy.0 = AppStore|iPhone
		{E6A6E304-83FC-4875-A615-9C8473A69AEA}.AppStore|ARM.ActiveCfg = AppStore|iPhone
		{E6A6E304-83FC-4875-A615-9C8473A69AEA}.AppStore|ARM.Build.0 = AppStore|iPhone
		{E6A6E304-83FC-4875-A615-9C8473A69AEA}.AppStore|ARM.Deploy.0 = AppStore|iPhone
		{E6A6E304-83FC-4875-A615-9C8473A69AEA}.AppStore|iPhone.ActiveCfg = AppStore|iPhone
		{E6A6E304-83FC-4875-A615-9C8473A69AEA}.AppStore|iPhone.Build.0 = AppStore|iPhone
		{E6A6E304-83FC-4875-A615-9C8473A69AEA}.AppStore|iPhone.Deploy.0 = AppStore|iPhone
		{E6A6E304-83FC-4875-A615-9C8473A69AEA}.AppStore|iPhoneSimulator.ActiveCfg = AppStore|iPhoneSimulator
		{E6A6E304-83FC-4875-A615-9C8473A69AEA}.AppStore|iPhoneSimulator.Build.0 = AppStore|iPhoneSimulator
		{E6A6E304-83FC-4875-A615-9C8473A69AEA}.AppStore|iPhoneSimulator.Deploy.0 = AppStore|iPhoneSimulator
		{E6A6E304-83FC-4875-A615-9C8473A69AEA}.AppStore|x64.ActiveCfg = AppStore|iPhone
		{E6A6E304-83FC-4875-A615-9C8473A69AEA}.AppStore|x64.Build.0 = AppStore|iPhone
		{E6A6E304-83FC-4875-A615-9C8473A69AEA}.AppStore|x64.Deploy.0 = AppStore|iPhone
		{E6A6E304-83FC-4875-A615-9C8473A69AEA}.AppStore|x86.ActiveCfg = AppStore|iPhone
		{E6A6E304-83FC-4875-A615-9C8473A69AEA}.AppStore|x86.Build.0 = AppStore|iPhone
		{E6A6E304-83FC-4875-A615-9C8473A69AEA}.AppStore|x86.Deploy.0 = AppStore|iPhone
		{E6A6E304-83FC-4875-A615-9C8473A69AEA}.Debug|Any CPU.ActiveCfg = Debug|iPhoneSimulator
		{E6A6E304-83FC-4875-A615-9C8473A69AEA}.Debug|Any CPU.Build.0 = Debug|iPhoneSimulator
		{E6A6E304-83FC-4875-A615-9C8473A69AEA}.Debug|Any CPU.Deploy.0 = Debug|iPhoneSimulator
		{E6A6E304-83FC-4875-A615-9C8473A69AEA}.Debug|ARM.ActiveCfg = Debug|iPhone
		{E6A6E304-83FC-4875-A615-9C8473A69AEA}.Debug|ARM.Build.0 = Debug|iPhone
		{E6A6E304-83FC-4875-A615-9C8473A69AEA}.Debug|ARM.Deploy.0 = Debug|iPhone
		{E6A6E304-83FC-4875-A615-9C8473A69AEA}.Debug|iPhone.ActiveCfg = Debug|iPhone
		{E6A6E304-83FC-4875-A615-9C8473A69AEA}.Debug|iPhone.Build.0 = Debug|iPhone
		{E6A6E304-83FC-4875-A615-9C8473A69AEA}.Debug|iPhone.Deploy.0 = Debug|iPhone
		{E6A6E304-83FC-4875-A615-9C8473A69AEA}.Debug|iPhoneSimulator.ActiveCfg = Debug|iPhoneSimulator
		{E6A6E304-83FC-4875-A615-9C8473A69AEA}.Debug|iPhoneSimulator.Build.0 = Debug|iPhoneSimulator
		{E6A6E304-83FC-4875-A615-9C8473A69AEA}.Debug|iPhoneSimulator.Deploy.0 = Debug|iPhoneSimulator
		{E6A6E304-83FC-4875-A615-9C8473A69AEA}.Debug|x64.ActiveCfg = Debug|iPhone
		{E6A6E304-83FC-4875-A615-9C8473A69AEA}.Debug|x64.Build.0 = Debug|iPhone
		{E6A6E304-83FC-4875-A615-9C8473A69AEA}.Debug|x64.Deploy.0 = Debug|iPhone
		{E6A6E304-83FC-4875-A615-9C8473A69AEA}.Debug|x86.ActiveCfg = Debug|iPhone
		{E6A6E304-83FC-4875-A615-9C8473A69AEA}.Debug|x86.Build.0 = Debug|iPhone
		{E6A6E304-83FC-4875-A615-9C8473A69AEA}.Debug|x86.Deploy.0 = Debug|iPhone
		{E6A6E304-83FC-4875-A615-9C8473A69AEA}.Release|Any CPU.ActiveCfg = Release|iPhone
		{E6A6E304-83FC-4875-A615-9C8473A69AEA}.Release|Any CPU.Build.0 = Release|iPhone
		{E6A6E304-83FC-4875-A615-9C8473A69AEA}.Release|Any CPU.Deploy.0 = Release|iPhone
		{E6A6E304-83FC-4875-A615-9C8473A69AEA}.Release|ARM.ActiveCfg = Release|iPhone
		{E6A6E304-83FC-4875-A615-9C8473A69AEA}.Release|ARM.Build.0 = Release|iPhone
		{E6A6E304-83FC-4875-A615-9C8473A69AEA}.Release|ARM.Deploy.0 = Release|iPhone
		{E6A6E304-83FC-4875-A615-9C8473A69AEA}.Release|iPhone.ActiveCfg = Release|iPhone
		{E6A6E304-83FC-4875-A615-9C8473A69AEA}.Release|iPhone.Build.0 = Release|iPhone
		{E6A6E304-83FC-4875-A615-9C8473A69AEA}.Release|iPhone.Deploy.0 = Release|iPhone
		{E6A6E304-83FC-4875-A615-9C8473A69AEA}.Release|iPhoneSimulator.ActiveCfg = Release|iPhoneSimulator
		{E6A6E304-83FC-4875-A615-9C8473A69AEA}.Release|iPhoneSimulator.Build.0 = Release|iPhoneSimulator
		{E6A6E304-83FC-4875-A615-9C8473A69AEA}.Release|iPhoneSimulator.Deploy.0 = Release|iPhoneSimulator
		{E6A6E304-83FC-4875-A615-9C8473A69AEA}.Release|x64.ActiveCfg = Release|iPhone
		{E6A6E304-83FC-4875-A615-9C8473A69AEA}.Release|x64.Build.0 = Release|iPhone
		{E6A6E304-83FC-4875-A615-9C8473A69AEA}.Release|x64.Deploy.0 = Release|iPhone
		{E6A6E304-83FC-4875-A615-9C8473A69AEA}.Release|x86.ActiveCfg = Release|iPhone
		{E6A6E304-83FC-4875-A615-9C8473A69AEA}.Release|x86.Build.0 = Release|iPhone
		{E6A6E304-83FC-4875-A615-9C8473A69AEA}.Release|x86.Deploy.0 = Release|iPhone
		{7D7B3EB1-F1DA-4173-A2A2-19FF36C11CC1}.Ad-Hoc|Any CPU.ActiveCfg = Release|x86
		{7D7B3EB1-F1DA-4173-A2A2-19FF36C11CC1}.Ad-Hoc|Any CPU.Build.0 = Release|x86
		{7D7B3EB1-F1DA-4173-A2A2-19FF36C11CC1}.Ad-Hoc|Any CPU.Deploy.0 = Release|x86
		{7D7B3EB1-F1DA-4173-A2A2-19FF36C11CC1}.Ad-Hoc|ARM.ActiveCfg = Release|ARM
		{7D7B3EB1-F1DA-4173-A2A2-19FF36C11CC1}.Ad-Hoc|ARM.Build.0 = Release|ARM
		{7D7B3EB1-F1DA-4173-A2A2-19FF36C11CC1}.Ad-Hoc|ARM.Deploy.0 = Release|ARM
		{7D7B3EB1-F1DA-4173-A2A2-19FF36C11CC1}.Ad-Hoc|iPhone.ActiveCfg = Release|x86
		{7D7B3EB1-F1DA-4173-A2A2-19FF36C11CC1}.Ad-Hoc|iPhone.Build.0 = Release|x86
		{7D7B3EB1-F1DA-4173-A2A2-19FF36C11CC1}.Ad-Hoc|iPhone.Deploy.0 = Release|x86
		{7D7B3EB1-F1DA-4173-A2A2-19FF36C11CC1}.Ad-Hoc|iPhoneSimulator.ActiveCfg = Release|x86
		{7D7B3EB1-F1DA-4173-A2A2-19FF36C11CC1}.Ad-Hoc|iPhoneSimulator.Build.0 = Release|x86
		{7D7B3EB1-F1DA-4173-A2A2-19FF36C11CC1}.Ad-Hoc|iPhoneSimulator.Deploy.0 = Release|x86
		{7D7B3EB1-F1DA-4173-A2A2-19FF36C11CC1}.Ad-Hoc|x64.ActiveCfg = Release|x64
		{7D7B3EB1-F1DA-4173-A2A2-19FF36C11CC1}.Ad-Hoc|x64.Build.0 = Release|x64
		{7D7B3EB1-F1DA-4173-A2A2-19FF36C11CC1}.Ad-Hoc|x64.Deploy.0 = Release|x64
		{7D7B3EB1-F1DA-4173-A2A2-19FF36C11CC1}.Ad-Hoc|x86.ActiveCfg = Release|x86
		{7D7B3EB1-F1DA-4173-A2A2-19FF36C11CC1}.Ad-Hoc|x86.Build.0 = Release|x86
		{7D7B3EB1-F1DA-4173-A2A2-19FF36C11CC1}.Ad-Hoc|x86.Deploy.0 = Release|x86
		{7D7B3EB1-F1DA-4173-A2A2-19FF36C11CC1}.AppStore|Any CPU.ActiveCfg = Release|x86
		{7D7B3EB1-F1DA-4173-A2A2-19FF36C11CC1}.AppStore|Any CPU.Build.0 = Release|x86
		{7D7B3EB1-F1DA-4173-A2A2-19FF36C11CC1}.AppStore|Any CPU.Deploy.0 = Release|x86
		{7D7B3EB1-F1DA-4173-A2A2-19FF36C11CC1}.AppStore|ARM.ActiveCfg = Release|ARM
		{7D7B3EB1-F1DA-4173-A2A2-19FF36C11CC1}.AppStore|ARM.Build.0 = Release|ARM
		{7D7B3EB1-F1DA-4173-A2A2-19FF36C11CC1}.AppStore|ARM.Deploy.0 = Release|ARM
		{7D7B3EB1-F1DA-4173-A2A2-19FF36C11CC1}.AppStore|iPhone.ActiveCfg = Release|x86
		{7D7B3EB1-F1DA-4173-A2A2-19FF36C11CC1}.AppStore|iPhone.Build.0 = Release|x86
		{7D7B3EB1-F1DA-4173-A2A2-19FF36C11CC1}.AppStore|iPhone.Deploy.0 = Release|x86
		{7D7B3EB1-F1DA-4173-A2A2-19FF36C11CC1}.AppStore|iPhoneSimulator.ActiveCfg = Release|x86
		{7D7B3EB1-F1DA-4173-A2A2-19FF36C11CC1}.AppStore|iPhoneSimulator.Build.0 = Release|x86
		{7D7B3EB1-F1DA-4173-A2A2-19FF36C11CC1}.AppStore|iPhoneSimulator.Deploy.0 = Release|x86
		{7D7B3EB1-F1DA-4173-A2A2-19FF36C11CC1}.AppStore|x64.ActiveCfg = Release|x64
		{7D7B3EB1-F1DA-4173-A2A2-19FF36C11CC1}.AppStore|x64.Build.0 = Release|x64
		{7D7B3EB1-F1DA-4173-A2A2-19FF36C11CC1}.AppStore|x64.Deploy.0 = Release|x64
		{7D7B3EB1-F1DA-4173-A2A2-19FF36C11CC1}.AppStore|x86.ActiveCfg = Release|x86
		{7D7B3EB1-F1DA-4173-A2A2-19FF36C11CC1}.AppStore|x86.Build.0 = Release|x86
		{7D7B3EB1-F1DA-4173-A2A2-19FF36C11CC1}.AppStore|x86.Deploy.0 = Release|x86
		{7D7B3EB1-F1DA-4173-A2A2-19FF36C11CC1}.Debug|Any CPU.ActiveCfg = Debug|x86
		{7D7B3EB1-F1DA-4173-A2A2-19FF36C11CC1}.Debug|Any CPU.Build.0 = Debug|x86
		{7D7B3EB1-F1DA-4173-A2A2-19FF36C11CC1}.Debug|Any CPU.Deploy.0 = Debug|x86
		{7D7B3EB1-F1DA-4173-A2A2-19FF36C11CC1}.Debug|ARM.ActiveCfg = Debug|ARM
		{7D7B3EB1-F1DA-4173-A2A2-19FF36C11CC1}.Debug|ARM.Build.0 = Debug|ARM
		{7D7B3EB1-F1DA-4173-A2A2-19FF36C11CC1}.Debug|ARM.Deploy.0 = Debug|ARM
		{7D7B3EB1-F1DA-4173-A2A2-19FF36C11CC1}.Debug|iPhone.ActiveCfg = Debug|x86
		{7D7B3EB1-F1DA-4173-A2A2-19FF36C11CC1}.Debug|iPhone.Build.0 = Debug|x86
		{7D7B3EB1-F1DA-4173-A2A2-19FF36C11CC1}.Debug|iPhone.Deploy.0 = Debug|x86
		{7D7B3EB1-F1DA-4173-A2A2-19FF36C11CC1}.Debug|iPhoneSimulator.ActiveCfg = Debug|x86
		{7D7B3EB1-F1DA-4173-A2A2-19FF36C11CC1}.Debug|iPhoneSimulator.Build.0 = Debug|x86
		{7D7B3EB1-F1DA-4173-A2A2-19FF36C11CC1}.Debug|iPhoneSimulator.Deploy.0 = Debug|x86
		{7D7B3EB1-F1DA-4173-A2A2-19FF36C11CC1}.Debug|x64.ActiveCfg = Debug|x64
		{7D7B3EB1-F1DA-4173-A2A2-19FF36C11CC1}.Debug|x64.Build.0 = Debug|x64
		{7D7B3EB1-F1DA-4173-A2A2-19FF36C11CC1}.Debug|x64.Deploy.0 = Debug|x64
		{7D7B3EB1-F1DA-4173-A2A2-19FF36C11CC1}.Debug|x86.ActiveCfg = Debug|x86
		{7D7B3EB1-F1DA-4173-A2A2-19FF36C11CC1}.Debug|x86.Build.0 = Debug|x86
		{7D7B3EB1-F1DA-4173-A2A2-19FF36C11CC1}.Debug|x86.Deploy.0 = Debug|x86
		{7D7B3EB1-F1DA-4173-A2A2-19FF36C11CC1}.Release|Any CPU.ActiveCfg = Release|x86
		{7D7B3EB1-F1DA-4173-A2A2-19FF36C11CC1}.Release|Any CPU.Build.0 = Release|x86
		{7D7B3EB1-F1DA-4173-A2A2-19FF36C11CC1}.Release|Any CPU.Deploy.0 = Release|x86
		{7D7B3EB1-F1DA-4173-A2A2-19FF36C11CC1}.Release|ARM.ActiveCfg = Release|ARM
		{7D7B3EB1-F1DA-4173-A2A2-19FF36C11CC1}.Release|ARM.Build.0 = Release|ARM
		{7D7B3EB1-F1DA-4173-A2A2-19FF36C11CC1}.Release|ARM.Deploy.0 = Release|ARM
		{7D7B3EB1-F1DA-4173-A2A2-19FF36C11CC1}.Release|iPhone.ActiveCfg = Release|x86
		{7D7B3EB1-F1DA-4173-A2A2-19FF36C11CC1}.Release|iPhone.Build.0 = Release|x86
		{7D7B3EB1-F1DA-4173-A2A2-19FF36C11CC1}.Release|iPhone.Deploy.0 = Release|x86
		{7D7B3EB1-F1DA-4173-A2A2-19FF36C11CC1}.Release|iPhoneSimulator.ActiveCfg = Release|x86
		{7D7B3EB1-F1DA-4173-A2A2-19FF36C11CC1}.Release|iPhoneSimulator.Build.0 = Release|x86
		{7D7B3EB1-F1DA-4173-A2A2-19FF36C11CC1}.Release|iPhoneSimulator.Deploy.0 = Release|x86
		{7D7B3EB1-F1DA-4173-A2A2-19FF36C11CC1}.Release|x64.ActiveCfg = Release|x64
		{7D7B3EB1-F1DA-4173-A2A2-19FF36C11CC1}.Release|x64.Build.0 = Release|x64
		{7D7B3EB1-F1DA-4173-A2A2-19FF36C11CC1}.Release|x64.Deploy.0 = Release|x64
		{7D7B3EB1-F1DA-4173-A2A2-19FF36C11CC1}.Release|x86.ActiveCfg = Release|x86
		{7D7B3EB1-F1DA-4173-A2A2-19FF36C11CC1}.Release|x86.Build.0 = Release|x86
		{7D7B3EB1-F1DA-4173-A2A2-19FF36C11CC1}.Release|x86.Deploy.0 = Release|x86
		{CD1D7449-9068-4ED1-8600-39D67FA40047}.Ad-Hoc|Any CPU.ActiveCfg = Debug|Any CPU
		{CD1D7449-9068-4ED1-8600-39D67FA40047}.Ad-Hoc|Any CPU.Build.0 = Debug|Any CPU
		{CD1D7449-9068-4ED1-8600-39D67FA40047}.Ad-Hoc|Any CPU.Deploy.0 = Debug|Any CPU
		{CD1D7449-9068-4ED1-8600-39D67FA40047}.Ad-Hoc|ARM.ActiveCfg = Debug|Any CPU
		{CD1D7449-9068-4ED1-8600-39D67FA40047}.Ad-Hoc|ARM.Build.0 = Debug|Any CPU
		{CD1D7449-9068-4ED1-8600-39D67FA40047}.Ad-Hoc|ARM.Deploy.0 = Debug|Any CPU
		{CD1D7449-9068-4ED1-8600-39D67FA40047}.Ad-Hoc|iPhone.ActiveCfg = Debug|Any CPU
		{CD1D7449-9068-4ED1-8600-39D67FA40047}.Ad-Hoc|iPhone.Build.0 = Debug|Any CPU
		{CD1D7449-9068-4ED1-8600-39D67FA40047}.Ad-Hoc|iPhone.Deploy.0 = Debug|Any CPU
		{CD1D7449-9068-4ED1-8600-39D67FA40047}.Ad-Hoc|iPhoneSimulator.ActiveCfg = Debug|Any CPU
		{CD1D7449-9068-4ED1-8600-39D67FA40047}.Ad-Hoc|iPhoneSimulator.Build.0 = Debug|Any CPU
		{CD1D7449-9068-4ED1-8600-39D67FA40047}.Ad-Hoc|iPhoneSimulator.Deploy.0 = Debug|Any CPU
		{CD1D7449-9068-4ED1-8600-39D67FA40047}.Ad-Hoc|x64.ActiveCfg = Debug|Any CPU
		{CD1D7449-9068-4ED1-8600-39D67FA40047}.Ad-Hoc|x64.Build.0 = Debug|Any CPU
		{CD1D7449-9068-4ED1-8600-39D67FA40047}.Ad-Hoc|x64.Deploy.0 = Debug|Any CPU
		{CD1D7449-9068-4ED1-8600-39D67FA40047}.Ad-Hoc|x86.ActiveCfg = Debug|Any CPU
		{CD1D7449-9068-4ED1-8600-39D67FA40047}.Ad-Hoc|x86.Build.0 = Debug|Any CPU
		{CD1D7449-9068-4ED1-8600-39D67FA40047}.Ad-Hoc|x86.Deploy.0 = Debug|Any CPU
		{CD1D7449-9068-4ED1-8600-39D67FA40047}.AppStore|Any CPU.ActiveCfg = Debug|Any CPU
		{CD1D7449-9068-4ED1-8600-39D67FA40047}.AppStore|Any CPU.Build.0 = Debug|Any CPU
		{CD1D7449-9068-4ED1-8600-39D67FA40047}.AppStore|Any CPU.Deploy.0 = Debug|Any CPU
		{CD1D7449-9068-4ED1-8600-39D67FA40047}.AppStore|ARM.ActiveCfg = Debug|Any CPU
		{CD1D7449-9068-4ED1-8600-39D67FA40047}.AppStore|ARM.Build.0 = Debug|Any CPU
		{CD1D7449-9068-4ED1-8600-39D67FA40047}.AppStore|ARM.Deploy.0 = Debug|Any CPU
		{CD1D7449-9068-4ED1-8600-39D67FA40047}.AppStore|iPhone.ActiveCfg = Debug|Any CPU
		{CD1D7449-9068-4ED1-8600-39D67FA40047}.AppStore|iPhone.Build.0 = Debug|Any CPU
		{CD1D7449-9068-4ED1-8600-39D67FA40047}.AppStore|iPhone.Deploy.0 = Debug|Any CPU
		{CD1D7449-9068-4ED1-8600-39D67FA40047}.AppStore|iPhoneSimulator.ActiveCfg = Debug|Any CPU
		{CD1D7449-9068-4ED1-8600-39D67FA40047}.AppStore|iPhoneSimulator.Build.0 = Debug|Any CPU
		{CD1D7449-9068-4ED1-8600-39D67FA40047}.AppStore|iPhoneSimulator.Deploy.0 = Debug|Any CPU
		{CD1D7449-9068-4ED1-8600-39D67FA40047}.AppStore|x64.ActiveCfg = Debug|Any CPU
		{CD1D7449-9068-4ED1-8600-39D67FA40047}.AppStore|x64.Build.0 = Debug|Any CPU
		{CD1D7449-9068-4ED1-8600-39D67FA40047}.AppStore|x64.Deploy.0 = Debug|Any CPU
		{CD1D7449-9068-4ED1-8600-39D67FA40047}.AppStore|x86.ActiveCfg = Debug|Any CPU
		{CD1D7449-9068-4ED1-8600-39D67FA40047}.AppStore|x86.Build.0 = Debug|Any CPU
		{CD1D7449-9068-4ED1-8600-39D67FA40047}.AppStore|x86.Deploy.0 = Debug|Any CPU
		{CD1D7449-9068-4ED1-8600-39D67FA40047}.Debug|Any CPU.ActiveCfg = Debug|Any CPU
		{CD1D7449-9068-4ED1-8600-39D67FA40047}.Debug|Any CPU.Build.0 = Debug|Any CPU
		{CD1D7449-9068-4ED1-8600-39D67FA40047}.Debug|Any CPU.Deploy.0 = Debug|Any CPU
		{CD1D7449-9068-4ED1-8600-39D67FA40047}.Debug|ARM.ActiveCfg = Debug|Any CPU
		{CD1D7449-9068-4ED1-8600-39D67FA40047}.Debug|ARM.Build.0 = Debug|Any CPU
		{CD1D7449-9068-4ED1-8600-39D67FA40047}.Debug|ARM.Deploy.0 = Debug|Any CPU
		{CD1D7449-9068-4ED1-8600-39D67FA40047}.Debug|iPhone.ActiveCfg = Debug|Any CPU
		{CD1D7449-9068-4ED1-8600-39D67FA40047}.Debug|iPhone.Build.0 = Debug|Any CPU
		{CD1D7449-9068-4ED1-8600-39D67FA40047}.Debug|iPhone.Deploy.0 = Debug|Any CPU
		{CD1D7449-9068-4ED1-8600-39D67FA40047}.Debug|iPhoneSimulator.ActiveCfg = Debug|Any CPU
		{CD1D7449-9068-4ED1-8600-39D67FA40047}.Debug|iPhoneSimulator.Build.0 = Debug|Any CPU
		{CD1D7449-9068-4ED1-8600-39D67FA40047}.Debug|iPhoneSimulator.Deploy.0 = Debug|Any CPU
		{CD1D7449-9068-4ED1-8600-39D67FA40047}.Debug|x64.ActiveCfg = Debug|Any CPU
		{CD1D7449-9068-4ED1-8600-39D67FA40047}.Debug|x64.Build.0 = Debug|Any CPU
		{CD1D7449-9068-4ED1-8600-39D67FA40047}.Debug|x64.Deploy.0 = Debug|Any CPU
		{CD1D7449-9068-4ED1-8600-39D67FA40047}.Debug|x86.ActiveCfg = Debug|Any CPU
		{CD1D7449-9068-4ED1-8600-39D67FA40047}.Debug|x86.Build.0 = Debug|Any CPU
		{CD1D7449-9068-4ED1-8600-39D67FA40047}.Debug|x86.Deploy.0 = Debug|Any CPU
		{CD1D7449-9068-4ED1-8600-39D67FA40047}.Release|Any CPU.ActiveCfg = Release|Any CPU
		{CD1D7449-9068-4ED1-8600-39D67FA40047}.Release|Any CPU.Build.0 = Release|Any CPU
		{CD1D7449-9068-4ED1-8600-39D67FA40047}.Release|Any CPU.Deploy.0 = Release|Any CPU
		{CD1D7449-9068-4ED1-8600-39D67FA40047}.Release|ARM.ActiveCfg = Release|Any CPU
		{CD1D7449-9068-4ED1-8600-39D67FA40047}.Release|ARM.Build.0 = Release|Any CPU
		{CD1D7449-9068-4ED1-8600-39D67FA40047}.Release|ARM.Deploy.0 = Release|Any CPU
		{CD1D7449-9068-4ED1-8600-39D67FA40047}.Release|iPhone.ActiveCfg = Release|Any CPU
		{CD1D7449-9068-4ED1-8600-39D67FA40047}.Release|iPhone.Build.0 = Release|Any CPU
		{CD1D7449-9068-4ED1-8600-39D67FA40047}.Release|iPhone.Deploy.0 = Release|Any CPU
		{CD1D7449-9068-4ED1-8600-39D67FA40047}.Release|iPhoneSimulator.ActiveCfg = Release|Any CPU
		{CD1D7449-9068-4ED1-8600-39D67FA40047}.Release|iPhoneSimulator.Build.0 = Release|Any CPU
		{CD1D7449-9068-4ED1-8600-39D67FA40047}.Release|iPhoneSimulator.Deploy.0 = Release|Any CPU
		{CD1D7449-9068-4ED1-8600-39D67FA40047}.Release|x64.ActiveCfg = Release|Any CPU
		{CD1D7449-9068-4ED1-8600-39D67FA40047}.Release|x64.Build.0 = Release|Any CPU
		{CD1D7449-9068-4ED1-8600-39D67FA40047}.Release|x64.Deploy.0 = Release|Any CPU
		{CD1D7449-9068-4ED1-8600-39D67FA40047}.Release|x86.ActiveCfg = Release|Any CPU
		{CD1D7449-9068-4ED1-8600-39D67FA40047}.Release|x86.Build.0 = Release|Any CPU
		{CD1D7449-9068-4ED1-8600-39D67FA40047}.Release|x86.Deploy.0 = Release|Any CPU
	EndGlobalSection
	GlobalSection(SolutionProperties) = preSolution
		HideSolutionNode = FALSE
	EndGlobalSection
	GlobalSection(ExtensibilityGlobals) = postSolution
		SolutionGuid = {E86C9510-76D1-4365-981C-D458B5865AE2}
	EndGlobalSection
EndGlobal
